
Microsoft Visual Studio Solution File, Format Version 12.00
# Visual Studio Version 17
VisualStudioVersion = 17.6.33829.357
MinimumVisualStudioVersion = 10.0.40219.1
Project("{FAE04EC0-301F-11D3-BF4B-00C04F79EFBC}") = "AcmeInsurance.Claims.Web.CriteriaManager", "AcmeInsurance.Claims.Web.CriteriaManager\AcmeInsurance.Claims.Web.CriteriaManager.csproj", "{28476FB4-2875-4E2B-B556-98F64B01AB39}"
EndProject
Project("{9A19103F-16F7-4668-BE54-9A1E7A4F7556}") = "AcmeInsurance.Claims.Models", "AcmeInsurance.Claims.Models\AcmeInsurance.Claims.Models.csproj", "{7D9EBA65-9DD4-4DC1-838B-6F3AD8748700}"
EndProject
Project("{9A19103F-16F7-4668-BE54-9A1E7A4F7556}") = "AcmeInsurance.Claims.Business", "AcmeInsurance.Claims.Business\AcmeInsurance.Claims.Business.csproj", "{442605BF-E376-46EB-A5AC-6CCAEDF248A4}"
EndProject
Project("{9A19103F-16F7-4668-BE54-9A1E7A4F7556}") = "AcmeInsurance.Claims.Data", "AcmeInsurance.Claims.Data\AcmeInsurance.Claims.Data.csproj", "{E50AA3F6-E362-4B09-B82E-58A05501D28C}"
EndProject
Project("{00D1A9C2-B5F0-4AF3-8072-F6C62B433612}") = "AcmeInsurance.Claims.Database", "AcmeInsurance.Claims.Database\AcmeInsurance.Claims.Database.sqlproj", "{63531BA4-5EBB-4BA9-848F-67E2829798F2}"
EndProject
Global
	GlobalSection(SolutionConfigurationPlatforms) = preSolution
		Debug|Any CPU = Debug|Any CPU
		Release|Any CPU = Release|Any CPU
	EndGlobalSection
	GlobalSection(ProjectConfigurationPlatforms) = postSolution
		{28476FB4-2875-4E2B-B556-98F64B01AB39}.Debug|Any CPU.ActiveCfg = Debug|Any CPU
		{28476FB4-2875-4E2B-B556-98F64B01AB39}.Debug|Any CPU.Build.0 = Debug|Any CPU
		{28476FB4-2875-4E2B-B556-98F64B01AB39}.Release|Any CPU.ActiveCfg = Release|Any CPU
		{28476FB4-2875-4E2B-B556-98F64B01AB39}.Release|Any CPU.Build.0 = Release|Any CPU
		{7D9EBA65-9DD4-4DC1-838B-6F3AD8748700}.Debug|Any CPU.ActiveCfg = Debug|Any CPU
		{7D9EBA65-9DD4-4DC1-838B-6F3AD8748700}.Debug|Any CPU.Build.0 = Debug|Any CPU
		{7D9EBA65-9DD4-4DC1-838B-6F3AD8748700}.Release|Any CPU.ActiveCfg = Release|Any CPU
		{7D9EBA65-9DD4-4DC1-838B-6F3AD8748700}.Release|Any CPU.Build.0 = Release|Any CPU
		{442605BF-E376-46EB-A5AC-6CCAEDF248A4}.Debug|Any CPU.ActiveCfg = Debug|Any CPU
		{442605BF-E376-46EB-A5AC-6CCAEDF248A4}.Debug|Any CPU.Build.0 = Debug|Any CPU
		{442605BF-E376-46EB-A5AC-6CCAEDF248A4}.Release|Any CPU.ActiveCfg = Release|Any CPU
		{442605BF-E376-46EB-A5AC-6CCAEDF248A4}.Release|Any CPU.Build.0 = Release|Any CPU
		{E50AA3F6-E362-4B09-B82E-58A05501D28C}.Debug|Any CPU.ActiveCfg = Debug|Any CPU
		{E50AA3F6-E362-4B09-B82E-58A05501D28C}.Debug|Any CPU.Build.0 = Debug|Any CPU
		{E50AA3F6-E362-4B09-B82E-58A05501D28C}.Release|Any CPU.ActiveCfg = Release|Any CPU
		{E50AA3F6-E362-4B09-B82E-58A05501D28C}.Release|Any CPU.Build.0 = Release|Any CPU
		{63531BA4-5EBB-4BA9-848F-67E2829798F2}.Debug|Any CPU.ActiveCfg = Debug|Any CPU
		{63531BA4-5EBB-4BA9-848F-67E2829798F2}.Debug|Any CPU.Build.0 = Debug|Any CPU
		{63531BA4-5EBB-4BA9-848F-67E2829798F2}.Debug|Any CPU.Deploy.0 = Debug|Any CPU
		{63531BA4-5EBB-4BA9-848F-67E2829798F2}.Release|Any CPU.ActiveCfg = Release|Any CPU
		{63531BA4-5EBB-4BA9-848F-67E2829798F2}.Release|Any CPU.Build.0 = Release|Any CPU
		{63531BA4-5EBB-4BA9-848F-67E2829798F2}.Release|Any CPU.Deploy.0 = Release|Any CPU
	EndGlobalSection
	GlobalSection(SolutionProperties) = preSolution
		HideSolutionNode = FALSE
	EndGlobalSection
	GlobalSection(ExtensibilityGlobals) = postSolution
		SolutionGuid = {66AF9DBA-36A7-4D8C-A710-E23860547C46}
	EndGlobalSection
EndGlobal
