
Microsoft Visual Studio Solution File, Format Version 12.00
# Visual Studio Version 17
VisualStudioVersion = 17.6.33829.357
MinimumVisualStudioVersion = 10.0.40219.1
Project("{FAE04EC0-301F-11D3-BF4B-00C04F79EFBC}") = "AcmeInsurance.Claims.WebServices.Api", "AcmeInsurance.Claims.WebServices.Api\AcmeInsurance.Claims.WebServices.Api.csproj", "{8A3DDB75-4700-4E5E-A27A-D84569E2CD66}"
EndProject
Global
	GlobalSection(SolutionConfigurationPlatforms) = preSolution
		Debug|Any CPU = Debug|Any CPU
		Release|Any CPU = Release|Any CPU
	EndGlobalSection
	GlobalSection(ProjectConfigurationPlatforms) = postSolution
		{8A3DDB75-4700-4E5E-A27A-D84569E2CD66}.Debug|Any CPU.ActiveCfg = Debug|Any CPU
		{8A3DDB75-4700-4E5E-A27A-D84569E2CD66}.Debug|Any CPU.Build.0 = Debug|Any CPU
		{8A3DDB75-4700-4E5E-A27A-D84569E2CD66}.Release|Any CPU.ActiveCfg = Release|Any CPU
		{8A3DDB75-4700-4E5E-A27A-D84569E2CD66}.Release|Any CPU.Build.0 = Release|Any CPU
	EndGlobalSection
	GlobalSection(SolutionProperties) = preSolution
		HideSolutionNode = FALSE
	EndGlobalSection
	GlobalSection(ExtensibilityGlobals) = postSolution
		SolutionGuid = {E121AFD2-7AB0-4D96-B7BA-7D66E74D7FCD}
	EndGlobalSection
EndGlobal
